
Microsoft Visual Studio Solution File, Format Version 12.00
# Visual Studio Version 17
VisualStudioVersion = 17.5.33516.290
MinimumVisualStudioVersion = 10.0.40219.1
Project("{9A19103F-16F7-4668-BE54-9A1E7A4F7556}") = "DataContext", "DataContext\DataContext.csproj", "{2FF4C9DB-24AB-423A-8571-F1FBD99B9C16}"
EndProject
Project("{9A19103F-16F7-4668-BE54-9A1E7A4F7556}") = "NotifyPropertyChanged", "NotifyPropertyChanged\NotifyPropertyChanged.csproj", "{8B7E1D5E-22F8-4D74-9FD4-A4DB9D80A870}"
EndProject
Project("{FAE04EC0-301F-11D3-BF4B-00C04F79EFBC}") = "ListCollection", "ListCollection\ListCollection.csproj", "{0D84517A-2BA3-4C9D-B320-6E8AC1E8FBD8}"
EndProject
Project("{FAE04EC0-301F-11D3-BF4B-00C04F79EFBC}") = "Command", "Command\Command.csproj", "{5206367B-23ED-493A-8666-5EFE9D67F539}"
EndProject
Project("{FAE04EC0-301F-11D3-BF4B-00C04F79EFBC}") = "Converter", "Converter\Converter.csproj", "{1A02B563-3C32-4796-B38D-60B8B897AE55}"
EndProject
Project("{FAE04EC0-301F-11D3-BF4B-00C04F79EFBC}") = "MultiValueConverter", "MultiValueConverter\MultiValueConverter.csproj", "{E832850E-AC10-4AC2-9D57-402DB94321E7}"
EndProject
Project("{FAE04EC0-301F-11D3-BF4B-00C04F79EFBC}") = "SampleProgram1", "SampleProgram1\SampleProgram1.csproj", "{2A13E40E-A63D-4349-A2AC-55A4BE4C9E66}"
EndProject
Global
	GlobalSection(SolutionConfigurationPlatforms) = preSolution
		Debug|Any CPU = Debug|Any CPU
		Release|Any CPU = Release|Any CPU
	EndGlobalSection
	GlobalSection(ProjectConfigurationPlatforms) = postSolution
		{2FF4C9DB-24AB-423A-8571-F1FBD99B9C16}.Debug|Any CPU.ActiveCfg = Debug|Any CPU
		{2FF4C9DB-24AB-423A-8571-F1FBD99B9C16}.Debug|Any CPU.Build.0 = Debug|Any CPU
		{2FF4C9DB-24AB-423A-8571-F1FBD99B9C16}.Release|Any CPU.ActiveCfg = Release|Any CPU
		{2FF4C9DB-24AB-423A-8571-F1FBD99B9C16}.Release|Any CPU.Build.0 = Release|Any CPU
		{8B7E1D5E-22F8-4D74-9FD4-A4DB9D80A870}.Debug|Any CPU.ActiveCfg = Debug|Any CPU
		{8B7E1D5E-22F8-4D74-9FD4-A4DB9D80A870}.Debug|Any CPU.Build.0 = Debug|Any CPU
		{8B7E1D5E-22F8-4D74-9FD4-A4DB9D80A870}.Release|Any CPU.ActiveCfg = Release|Any CPU
		{8B7E1D5E-22F8-4D74-9FD4-A4DB9D80A870}.Release|Any CPU.Build.0 = Release|Any CPU
		{0D84517A-2BA3-4C9D-B320-6E8AC1E8FBD8}.Debug|Any CPU.ActiveCfg = Debug|Any CPU
		{0D84517A-2BA3-4C9D-B320-6E8AC1E8FBD8}.Debug|Any CPU.Build.0 = Debug|Any CPU
		{0D84517A-2BA3-4C9D-B320-6E8AC1E8FBD8}.Release|Any CPU.ActiveCfg = Release|Any CPU
		{0D84517A-2BA3-4C9D-B320-6E8AC1E8FBD8}.Release|Any CPU.Build.0 = Release|Any CPU
		{5206367B-23ED-493A-8666-5EFE9D67F539}.Debug|Any CPU.ActiveCfg = Debug|Any CPU
		{5206367B-23ED-493A-8666-5EFE9D67F539}.Debug|Any CPU.Build.0 = Debug|Any CPU
		{5206367B-23ED-493A-8666-5EFE9D67F539}.Release|Any CPU.ActiveCfg = Release|Any CPU
		{5206367B-23ED-493A-8666-5EFE9D67F539}.Release|Any CPU.Build.0 = Release|Any CPU
		{1A02B563-3C32-4796-B38D-60B8B897AE55}.Debug|Any CPU.ActiveCfg = Debug|Any CPU
		{1A02B563-3C32-4796-B38D-60B8B897AE55}.Debug|Any CPU.Build.0 = Debug|Any CPU
		{1A02B563-3C32-4796-B38D-60B8B897AE55}.Release|Any CPU.ActiveCfg = Release|Any CPU
		{1A02B563-3C32-4796-B38D-60B8B897AE55}.Release|Any CPU.Build.0 = Release|Any CPU
		{E832850E-AC10-4AC2-9D57-402DB94321E7}.Debug|Any CPU.ActiveCfg = Debug|Any CPU
		{E832850E-AC10-4AC2-9D57-402DB94321E7}.Debug|Any CPU.Build.0 = Debug|Any CPU
		{E832850E-AC10-4AC2-9D57-402DB94321E7}.Release|Any CPU.ActiveCfg = Release|Any CPU
		{E832850E-AC10-4AC2-9D57-402DB94321E7}.Release|Any CPU.Build.0 = Release|Any CPU
		{2A13E40E-A63D-4349-A2AC-55A4BE4C9E66}.Debug|Any CPU.ActiveCfg = Debug|Any CPU
		{2A13E40E-A63D-4349-A2AC-55A4BE4C9E66}.Debug|Any CPU.Build.0 = Debug|Any CPU
		{2A13E40E-A63D-4349-A2AC-55A4BE4C9E66}.Release|Any CPU.ActiveCfg = Release|Any CPU
		{2A13E40E-A63D-4349-A2AC-55A4BE4C9E66}.Release|Any CPU.Build.0 = Release|Any CPU
	EndGlobalSection
	GlobalSection(SolutionProperties) = preSolution
		HideSolutionNode = FALSE
	EndGlobalSection
	GlobalSection(ExtensibilityGlobals) = postSolution
		SolutionGuid = {A8718B1A-2F91-4293-95B4-109D0B6BCE2F}
	EndGlobalSection
EndGlobal
